{
  "version": 3,
  "targets": {
    ".NETCoreApp,Version=v3.1": {
      "Microsoft.Azure.Cosmos.Table/1.0.8": {
        "type": "package",
        "dependencies": {
          "Microsoft.Azure.DocumentDB.Core": "2.11.2",
          "Microsoft.OData.Core": "7.6.4",
          "Newtonsoft.Json": "10.0.2"
        },
        "compile": {
          "lib/netstandard2.0/Microsoft.Azure.Cosmos.Table.dll": {}
        },
        "runtime": {
          "lib/netstandard2.0/Microsoft.Azure.Cosmos.Table.dll": {}
        }
      },
      "Microsoft.Azure.DocumentDB.Core/2.11.2": {
        "type": "package",
        "dependencies": {
          "NETStandard.Library": "1.6.0",
          "Newtonsoft.Json": "9.0.1",
          "System.Collections.Immutable": "1.3.0",
          "System.Collections.NonGeneric": "4.0.1",
          "System.Collections.Specialized": "4.0.1",
          "System.Diagnostics.TraceSource": "4.0.0",
          "System.Dynamic.Runtime": "4.0.11",
          "System.Linq.Queryable": "4.0.1",
          "System.Net.Http": "4.3.4",
          "System.Net.NameResolution": "4.0.0",
          "System.Net.NetworkInformation": "4.1.0",
          "System.Net.Requests": "4.0.11",
          "System.Net.Security": "4.3.2",
          "System.Net.WebHeaderCollection": "4.0.1",
          "System.Runtime.Serialization.Primitives": "4.1.1",
          "System.Security.SecureString": "4.0.0"
        },
        "compile": {
          "lib/netstandard1.6/Microsoft.Azure.DocumentDB.Core.dll": {}
        },
        "runtime": {
          "lib/netstandard1.6/Microsoft.Azure.DocumentDB.Core.dll": {}
        },
        "build": {
          "build/_._": {}
        },
        "runtimeTargets": {
          "runtimes/win7-x64/native/Cosmos.CRTCompat.dll": {
            "assetType": "native",
            "rid": "win7-x64"
          },
          "runtimes/win7-x64/native/Microsoft.Azure.Documents.ServiceInterop.dll": {
            "assetType": "native",
            "rid": "win7-x64"
          }
        }
      },
      "Microsoft.Extensions.Caching.Abstractions/3.1.16": {
        "type": "not-package",
        "dependencies": {
          "Microsoft.Extensions.Primitives": "3.1.16"
        },
        "compile": {
          "lib/netcoreapp3.1/Microsoft.Extensions.Caching.Abstractions.dll": {}
        },
        "runtime": {
          "lib/netcoreapp3.1/Microsoft.Extensions.Caching.Abstractions.dll": {}
        }
      }
    }
  },
  "libraries": {
    "Microsoft.Azure.Cosmos.Table/1.0.8": {
      "sha512": "ToeEd1yijM7nQfLYvdFLG//RjKPmfqm45eOm86UAKrxtyGI/CXqP8iL74mzBp6mZ9A/K/ZYA2fVdpH0xHR5Keg==",
      "type": "package",
      "path": "microsoft.azure.cosmos.table/1.0.8",
      "files": [
        ".nupkg.metadata",
        ".signature.p7s",
        "LICENSE.txt",
        "icon.png",
        "lib/netstandard2.0/Microsoft.Azure.Cosmos.Table.dll",
        "lib/netstandard2.0/Microsoft.Azure.Cosmos.Table.xml",
        "microsoft.azure.cosmos.table.1.0.8.nupkg.sha512",
        "microsoft.azure.cosmos.table.nuspec"
      ]
    }
  },
  "projectFileDependencyGroups": {
    ".NETCoreApp,Version=v3.1": [
      "Microsoft.Extensions.Configuration.Abstractions >= 3.1.16",
      "Microsoft.Extensions.DependencyInjection >= 3.1.16",
      "Microsoft.Extensions.Http >= 3.1.16",
      "Microsoft.Extensions.Logging.Abstractions >= 3.1.16",
      "Newtonsoft.Json >= 12.0.3",
      "NuGet.Protocol >= 5.10.0",
      "PackageAware.Access >= 1.0.0",
      "PackageAware.Access.Repository >= 1.0.0",
      "PackageAware.CSharpCodeStyle >= 0.1.5-20210415200",
      "PackageAware.Common >= 15.2.1-20210707500",
      "System.ServiceModel.Syndication >= 4.7.0",
      "YamlDotNet >= 11.2.1"
    ]
  },
  "packageFolders": {
    "C:\\Users\\beard\\.nuget\\packages\\": {}
  },
  "project": {
    "version": "1.0.0",
    "restore": {
      "projectUniqueName": "C:\\PackageAware\\PackageAware.Processing\\src\\PackageAware.Extension\\PackageAware.Extension.csproj",
      "projectName": "PackageAware.Extension",
      "projectPath": "C:\\PackageAware\\PackageAware.Processing\\src\\PackageAware.Extension\\PackageAware.Extension.csproj",
      "packagesPath": "C:\\Users\\beard\\.nuget\\packages\\",
      "outputPath": "C:\\PackageAware\\PackageAware.Processing\\src\\PackageAware.Extension\\obj\\",
      "projectStyle": "PackageReference",
      "configFilePaths": [
        "C:\\Users\\beard\\AppData\\Roaming\\NuGet\\NuGet.Config",
        "C:\\Program Files (x86)\\NuGet\\Config\\Microsoft.VisualStudio.Offline.config"
      ],
      "originalTargetFrameworks": [
        "netcoreapp3.1"
      ],
      "sources": {
        "C:\\Program Files (x86)\\Microsoft SDKs\\NuGetPackages\\": {},
        "https://api.nuget.org/v3/index.json": {},
        "https://pkgs.dev.azure.com/PackageAware/PackageAware/_packaging/PackageAwareFeed/nuget/v3/index.json": {}
      },
      "frameworks": {
        "netcoreapp3.1": {
          "targetAlias": "netcoreapp3.1",
          "projectReferences": {
            "C:\\PackageAware\\PackageAware.Processing\\src\\PackageAware.Access.Repository\\PackageAware.Access.Repository.csproj": {
              "projectPath": "C:\\PackageAware\\PackageAware.Processing\\src\\PackageAware.Access.Repository\\PackageAware.Access.Repository.csproj"
            },
            "C:\\PackageAware\\PackageAware.Processing\\src\\PackageAware.Access\\PackageAware.Access.csproj": {
              "projectPath": "C:\\PackageAware\\PackageAware.Processing\\src\\PackageAware.Access\\PackageAware.Access.csproj"
            }
          }
        }
      },
      "warningProperties": {
        "allWarningsAsErrors": true,
        "noWarn": [
          "NU5115",
          "NU5118",
          "NU5128"
        ],
        "warnAsError": [
          "NU1605"
        ]
      },
      "restoreLockProperties": {
        "restorePackagesWithLockFile": "true"
      }
    },
    "frameworks": {
      "netcoreapp3.1": {
        "targetAlias": "netcoreapp3.1",
        "dependencies": {
          "Microsoft.Extensions.Configuration.Abstractions": {
            "target": "Package",
            "version": "[3.1.16, )"
          },
          "Microsoft.Extensions.DependencyInjection": {
            "target": "Package",
            "version": "[3.1.16, )"
          },
          "Microsoft.Extensions.Http": {
            "target": "Package",
            "version": "[3.1.16, )"
          },
          "Microsoft.Extensions.Logging.Abstractions": {
            "target": "Package",
            "version": "[3.1.16, )"
          },
          "Newtonsoft.Json": {
            "target": "Package",
            "version": "[12.0.3, )"
          },
          "NuGet.Protocol": {
            "include": "Compile",
            "target": "Package",
            "version": "[5.10.0, )"
          },
          "PackageAware.CSharpCodeStyle": {
            "include": "Runtime, Build, Native, ContentFiles, Analyzers, BuildTransitive",
            "suppressParent": "All",
            "target": "Package",
            "version": "[0.1.5-20210415200, )"
          },
          "PackageAware.Common": {
            "target": "Package",
            "version": "[15.2.1-20210707500, )"
          },
          "System.ServiceModel.Syndication": {
            "target": "Package",
            "version": "[4.7.0, )"
          },
          "YamlDotNet": {
            "target": "Package",
            "version": "[11.2.1, )"
          }
        },
        "imports": [
          "net461",
          "net462",
          "net47",
          "net471",
          "net472",
          "net48"
        ],
        "assetTargetFallback": true,
        "warn": true,
        "downloadDependencies": [
          {
            "name": "Microsoft.AspNetCore.App.Ref",
            "version": "[3.1.10, 3.1.10]"
          },
          {
            "name": "Microsoft.NETCore.App.Ref",
            "version": "[3.1.0, 3.1.0]"
          },
          {
            "name": "Microsoft.WindowsDesktop.App.Ref",
            "version": "[3.1.0, 3.1.0]"
          }
        ],
        "frameworkReferences": {
          "Microsoft.NETCore.App": {
            "privateAssets": "all"
          }
        },
        "runtimeIdentifierGraphPath": "C:\\Program Files\\dotnet\\sdk\\6.0.100-preview.5.21302.13\\RuntimeIdentifierGraph.json"
      }
    }
  }
}